
Microsoft Visual Studio Solution File, Format Version 12.00
# Visual Studio 15
VisualStudioVersion = 15.0.28307.421
MinimumVisualStudioVersion = 10.0.40219.1
Project("{FAE04EC0-301F-11D3-BF4B-00C04F79EFBC}") = "ServiceAdmRural", "ServiceAdmRural\ServiceAdmRural.csproj", "{F1BB2AC0-AA92-4BCD-BDBF-2E099AF47858}"
EndProject
Global
	GlobalSection(SolutionConfigurationPlatforms) = preSolution
		Debug|Any CPU = Debug|Any CPU
		Release|Any CPU = Release|Any CPU
	EndGlobalSection
	GlobalSection(ProjectConfigurationPlatforms) = postSolution
		{F1BB2AC0-AA92-4BCD-BDBF-2E099AF47858}.Debug|Any CPU.ActiveCfg = Debug|Any CPU
		{F1BB2AC0-AA92-4BCD-BDBF-2E099AF47858}.Debug|Any CPU.Build.0 = Debug|Any CPU
		{F1BB2AC0-AA92-4BCD-BDBF-2E099AF47858}.Release|Any CPU.ActiveCfg = Release|Any CPU
		{F1BB2AC0-AA92-4BCD-BDBF-2E099AF47858}.Release|Any CPU.Build.0 = Release|Any CPU
	EndGlobalSection
	GlobalSection(SolutionProperties) = preSolution
		HideSolutionNode = FALSE
	EndGlobalSection
	GlobalSection(ExtensibilityGlobals) = postSolution
		SolutionGuid = {6EEE1AF3-C5D3-465D-B657-804AA2E8DA20}
	EndGlobalSection
EndGlobal
